
Microsoft Visual Studio Solution File, Format Version 12.00
# Visual Studio Version 17
VisualStudioVersion = 17.7.34221.43
MinimumVisualStudioVersion = 10.0.40219.1
Project("{FAE04EC0-301F-11D3-BF4B-00C04F79EFBC}") = "oleinik", "oleinik\oleinik.csproj", "{951E9746-CEB7-47B4-872C-5B3D3526951F}"
EndProject
Global
	GlobalSection(SolutionConfigurationPlatforms) = preSolution
		Debug|Any CPU = Debug|Any CPU
		Release|Any CPU = Release|Any CPU
	EndGlobalSection
	GlobalSection(ProjectConfigurationPlatforms) = postSolution
		{951E9746-CEB7-47B4-872C-5B3D3526951F}.Debug|Any CPU.ActiveCfg = Debug|Any CPU
		{951E9746-CEB7-47B4-872C-5B3D3526951F}.Debug|Any CPU.Build.0 = Debug|Any CPU
		{951E9746-CEB7-47B4-872C-5B3D3526951F}.Release|Any CPU.ActiveCfg = Release|Any CPU
		{951E9746-CEB7-47B4-872C-5B3D3526951F}.Release|Any CPU.Build.0 = Release|Any CPU
	EndGlobalSection
	GlobalSection(SolutionProperties) = preSolution
		HideSolutionNode = FALSE
	EndGlobalSection
	GlobalSection(ExtensibilityGlobals) = postSolution
		SolutionGuid = {C19925CD-4F14-49F9-914A-0DED59E63052}
	EndGlobalSection
EndGlobal
